
Microsoft Visual Studio Solution File, Format Version 12.00
# Visual Studio Version 16
VisualStudioVersion = 16.0.29709.97
MinimumVisualStudioVersion = 10.0.40219.1
Project("{9A19103F-16F7-4668-BE54-9A1E7A4F7556}") = "A2v10.ProcS", "A2v10.ProcS\A2v10.ProcS.csproj", "{29AD063E-C56B-43FD-8441-D2A1D63FEAA4}"
EndProject
Project("{9A19103F-16F7-4668-BE54-9A1E7A4F7556}") = "A2v10.ProcS.Interfaces", "A2v10.ProcS.Interfaces\A2v10.ProcS.Interfaces.csproj", "{DA421EFD-E50B-4170-8C93-8D1AC09913B5}"
EndProject
Project("{FAE04EC0-301F-11D3-BF4B-00C04F79EFBC}") = "A2v10.ProcS.Run", "A2v10.ProcS.Run\A2v10.ProcS.Run.csproj", "{E74B3CD4-438D-40F4-A2C8-06E7C362FAC0}"
EndProject
Project("{2150E333-8FDC-42A3-9474-1A3956D46DE8}") = "Workflows", "Workflows", "{DC046347-1F11-47B5-817F-0627AFD7E5B5}"
	ProjectSection(SolutionItems) = preProject
		Workflows\callapi.json = Workflows\callapi.json
		Workflows\counter.json = Workflows\counter.json
		Workflows\delay.json = Workflows\delay.json
		Workflows\demo.json = Workflows\demo.json
		Workflows\openweather.json = Workflows\openweather.json
		Workflows\simple.json = Workflows\simple.json
	EndProjectSection
EndProject
Project("{FAE04EC0-301F-11D3-BF4B-00C04F79EFBC}") = "A2v10.ProcS.Tests", "A2v10.ProcS.Tests\A2v10.ProcS.Tests.csproj", "{EA99F7E5-CFE3-41F5-AAB8-7F22EA15706A}"
EndProject
Project("{2150E333-8FDC-42A3-9474-1A3956D46DE8}") = "@schemas", "@schemas", "{24D60038-B537-4D6C-8D69-77C921FA1F3F}"
	ProjectSection(SolutionItems) = preProject
		@schemas\statemachine-schema.json = @schemas\statemachine-schema.json
	EndProjectSection
EndProject
Global
	GlobalSection(SolutionConfigurationPlatforms) = preSolution
		Debug|Any CPU = Debug|Any CPU
		Release|Any CPU = Release|Any CPU
	EndGlobalSection
	GlobalSection(ProjectConfigurationPlatforms) = postSolution
		{29AD063E-C56B-43FD-8441-D2A1D63FEAA4}.Debug|Any CPU.ActiveCfg = Debug|Any CPU
		{29AD063E-C56B-43FD-8441-D2A1D63FEAA4}.Debug|Any CPU.Build.0 = Debug|Any CPU
		{29AD063E-C56B-43FD-8441-D2A1D63FEAA4}.Release|Any CPU.ActiveCfg = Release|Any CPU
		{29AD063E-C56B-43FD-8441-D2A1D63FEAA4}.Release|Any CPU.Build.0 = Release|Any CPU
		{DA421EFD-E50B-4170-8C93-8D1AC09913B5}.Debug|Any CPU.ActiveCfg = Debug|Any CPU
		{DA421EFD-E50B-4170-8C93-8D1AC09913B5}.Debug|Any CPU.Build.0 = Debug|Any CPU
		{DA421EFD-E50B-4170-8C93-8D1AC09913B5}.Release|Any CPU.ActiveCfg = Release|Any CPU
		{DA421EFD-E50B-4170-8C93-8D1AC09913B5}.Release|Any CPU.Build.0 = Release|Any CPU
		{E74B3CD4-438D-40F4-A2C8-06E7C362FAC0}.Debug|Any CPU.ActiveCfg = Debug|Any CPU
		{E74B3CD4-438D-40F4-A2C8-06E7C362FAC0}.Debug|Any CPU.Build.0 = Debug|Any CPU
		{E74B3CD4-438D-40F4-A2C8-06E7C362FAC0}.Release|Any CPU.ActiveCfg = Release|Any CPU
		{E74B3CD4-438D-40F4-A2C8-06E7C362FAC0}.Release|Any CPU.Build.0 = Release|Any CPU
		{EA99F7E5-CFE3-41F5-AAB8-7F22EA15706A}.Debug|Any CPU.ActiveCfg = Debug|Any CPU
		{EA99F7E5-CFE3-41F5-AAB8-7F22EA15706A}.Debug|Any CPU.Build.0 = Debug|Any CPU
		{EA99F7E5-CFE3-41F5-AAB8-7F22EA15706A}.Release|Any CPU.ActiveCfg = Release|Any CPU
		{EA99F7E5-CFE3-41F5-AAB8-7F22EA15706A}.Release|Any CPU.Build.0 = Release|Any CPU
	EndGlobalSection
	GlobalSection(SolutionProperties) = preSolution
		HideSolutionNode = FALSE
	EndGlobalSection
	GlobalSection(ExtensibilityGlobals) = postSolution
		SolutionGuid = {B5EA97A5-CA19-4BCC-BC05-3B5A09F89A62}
	EndGlobalSection
EndGlobal
