
Microsoft Visual Studio Solution File, Format Version 12.00
# Visual Studio Version 16
VisualStudioVersion = 16.0.29728.190
MinimumVisualStudioVersion = 10.0.40219.1
Project("{9A19103F-16F7-4668-BE54-9A1E7A4F7556}") = "A2v10.ProcS", "A2v10.ProcS\A2v10.ProcS.csproj", "{29AD063E-C56B-43FD-8441-D2A1D63FEAA4}"
EndProject
Project("{FAE04EC0-301F-11D3-BF4B-00C04F79EFBC}") = "A2v10.ProcS.Run", "A2v10.ProcS.Run\A2v10.ProcS.Run.csproj", "{E74B3CD4-438D-40F4-A2C8-06E7C362FAC0}"
EndProject
Project("{2150E333-8FDC-42A3-9474-1A3956D46DE8}") = "Workflows", "Workflows", "{DC046347-1F11-47B5-817F-0627AFD7E5B5}"
	ProjectSection(SolutionItems) = preProject
		Workflows\callapi.json = Workflows\callapi.json
		Workflows\callback.json = Workflows\callback.json
		Workflows\delay.json = Workflows\delay.json
		Workflows\demo.json = Workflows\demo.json
		Workflows\simple.json = Workflows\simple.json
	EndProjectSection
EndProject
Project("{2150E333-8FDC-42A3-9474-1A3956D46DE8}") = "@schemas", "@schemas", "{24D60038-B537-4D6C-8D69-77C921FA1F3F}"
	ProjectSection(SolutionItems) = preProject
		@schemas\openapi30-schema.json = @schemas\openapi30-schema.json
		@schemas\statemachine-schema.json = @schemas\statemachine-schema.json
	EndProjectSection
EndProject
Project("{2150E333-8FDC-42A3-9474-1A3956D46DE8}") = "scripts", "scripts", "{5F42B863-3E0C-4199-808E-33A40565ED79}"
	ProjectSection(SolutionItems) = preProject
		Workflows\scripts\counter.json = Workflows\scripts\counter.json
		Workflows\scripts\result.json = Workflows\scripts\result.json
	EndProjectSection
EndProject
Project("{2150E333-8FDC-42A3-9474-1A3956D46DE8}") = "callapi", "callapi", "{D29E70D9-663E-448A-BFE9-5B352F9A1848}"
	ProjectSection(SolutionItems) = preProject
		Workflows\callapi\openweather.json = Workflows\callapi\openweather.json
	EndProjectSection
EndProject
Project("{2150E333-8FDC-42A3-9474-1A3956D46DE8}") = "docs", "docs", "{2BE122E4-347D-4BB3-B0C1-0AFB56747B42}"
	ProjectSection(SolutionItems) = preProject
		docs\index.html = docs\index.html
	EndProjectSection
EndProject
Project("{2150E333-8FDC-42A3-9474-1A3956D46DE8}") = "css", "css", "{405F197E-CB79-4ADA-8AF1-4CF01D39E3D9}"
EndProject
Project("{9A19103F-16F7-4668-BE54-9A1E7A4F7556}") = "A2v10.ProcS.SqlServer", "A2v10.ProcS.SqlServer\A2v10.ProcS.SqlServer.csproj", "{5572706A-E43B-40BA-A131-3FCC58CA1746}"
EndProject
Project("{9A19103F-16F7-4668-BE54-9A1E7A4F7556}") = "A2v10.ProcS.WebApi.Host", "A2v10.ProcS.WebApi.Host\A2v10.ProcS.WebApi.Host.csproj", "{1F248378-0124-4B3D-B971-B8045CFD4347}"
EndProject
Project("{9A19103F-16F7-4668-BE54-9A1E7A4F7556}") = "A2v10.ProcS.Tests", "A2v10.ProcS.Tests\A2v10.ProcS.Tests.csproj", "{DCD2B58A-FE26-486E-BD07-37158B77A09A}"
EndProject
Project("{9A19103F-16F7-4668-BE54-9A1E7A4F7556}") = "A2v10.ProcS.Infrastructure", "A2v10.ProcS.Infrastructure\A2v10.ProcS.Infrastructure.csproj", "{52C8F4E4-4BCA-4C5F-ADB2-E61AE1E478FD}"
EndProject
Project("{FAE04EC0-301F-11D3-BF4B-00C04F79EFBC}") = "A2v10.ProcS.Plugin", "A2v10.ProcS.Plugin\A2v10.ProcS.Plugin.csproj", "{DBA2FB53-7442-4DD1-98C9-83A626E466AA}"
EndProject
Project("{2150E333-8FDC-42A3-9474-1A3956D46DE8}") = "plugins", "plugins", "{6B328BD1-F16E-46EA-9C60-613F1753DA99}"
	ProjectSection(SolutionItems) = preProject
		Workflows\plugins\loadplugin.json = Workflows\plugins\loadplugin.json
	EndProjectSection
EndProject
Global
	GlobalSection(SolutionConfigurationPlatforms) = preSolution
		Debug|Any CPU = Debug|Any CPU
		Release|Any CPU = Release|Any CPU
	EndGlobalSection
	GlobalSection(ProjectConfigurationPlatforms) = postSolution
		{29AD063E-C56B-43FD-8441-D2A1D63FEAA4}.Debug|Any CPU.ActiveCfg = Debug|Any CPU
		{29AD063E-C56B-43FD-8441-D2A1D63FEAA4}.Debug|Any CPU.Build.0 = Debug|Any CPU
		{29AD063E-C56B-43FD-8441-D2A1D63FEAA4}.Release|Any CPU.ActiveCfg = Release|Any CPU
		{29AD063E-C56B-43FD-8441-D2A1D63FEAA4}.Release|Any CPU.Build.0 = Release|Any CPU
		{E74B3CD4-438D-40F4-A2C8-06E7C362FAC0}.Debug|Any CPU.ActiveCfg = Debug|Any CPU
		{E74B3CD4-438D-40F4-A2C8-06E7C362FAC0}.Debug|Any CPU.Build.0 = Debug|Any CPU
		{E74B3CD4-438D-40F4-A2C8-06E7C362FAC0}.Release|Any CPU.ActiveCfg = Release|Any CPU
		{E74B3CD4-438D-40F4-A2C8-06E7C362FAC0}.Release|Any CPU.Build.0 = Release|Any CPU
		{5572706A-E43B-40BA-A131-3FCC58CA1746}.Debug|Any CPU.ActiveCfg = Debug|Any CPU
		{5572706A-E43B-40BA-A131-3FCC58CA1746}.Debug|Any CPU.Build.0 = Debug|Any CPU
		{5572706A-E43B-40BA-A131-3FCC58CA1746}.Release|Any CPU.ActiveCfg = Release|Any CPU
		{5572706A-E43B-40BA-A131-3FCC58CA1746}.Release|Any CPU.Build.0 = Release|Any CPU
		{1F248378-0124-4B3D-B971-B8045CFD4347}.Debug|Any CPU.ActiveCfg = Debug|Any CPU
		{1F248378-0124-4B3D-B971-B8045CFD4347}.Debug|Any CPU.Build.0 = Debug|Any CPU
		{1F248378-0124-4B3D-B971-B8045CFD4347}.Release|Any CPU.ActiveCfg = Release|Any CPU
		{1F248378-0124-4B3D-B971-B8045CFD4347}.Release|Any CPU.Build.0 = Release|Any CPU
		{DCD2B58A-FE26-486E-BD07-37158B77A09A}.Debug|Any CPU.ActiveCfg = Debug|Any CPU
		{DCD2B58A-FE26-486E-BD07-37158B77A09A}.Debug|Any CPU.Build.0 = Debug|Any CPU
		{DCD2B58A-FE26-486E-BD07-37158B77A09A}.Release|Any CPU.ActiveCfg = Release|Any CPU
		{DCD2B58A-FE26-486E-BD07-37158B77A09A}.Release|Any CPU.Build.0 = Release|Any CPU
		{52C8F4E4-4BCA-4C5F-ADB2-E61AE1E478FD}.Debug|Any CPU.ActiveCfg = Debug|Any CPU
		{52C8F4E4-4BCA-4C5F-ADB2-E61AE1E478FD}.Debug|Any CPU.Build.0 = Debug|Any CPU
		{52C8F4E4-4BCA-4C5F-ADB2-E61AE1E478FD}.Release|Any CPU.ActiveCfg = Release|Any CPU
		{52C8F4E4-4BCA-4C5F-ADB2-E61AE1E478FD}.Release|Any CPU.Build.0 = Release|Any CPU
		{DBA2FB53-7442-4DD1-98C9-83A626E466AA}.Debug|Any CPU.ActiveCfg = Debug|Any CPU
		{DBA2FB53-7442-4DD1-98C9-83A626E466AA}.Debug|Any CPU.Build.0 = Debug|Any CPU
		{DBA2FB53-7442-4DD1-98C9-83A626E466AA}.Release|Any CPU.ActiveCfg = Release|Any CPU
		{DBA2FB53-7442-4DD1-98C9-83A626E466AA}.Release|Any CPU.Build.0 = Release|Any CPU
	EndGlobalSection
	GlobalSection(SolutionProperties) = preSolution
		HideSolutionNode = FALSE
	EndGlobalSection
	GlobalSection(NestedProjects) = preSolution
		{5F42B863-3E0C-4199-808E-33A40565ED79} = {DC046347-1F11-47B5-817F-0627AFD7E5B5}
		{D29E70D9-663E-448A-BFE9-5B352F9A1848} = {DC046347-1F11-47B5-817F-0627AFD7E5B5}
		{405F197E-CB79-4ADA-8AF1-4CF01D39E3D9} = {2BE122E4-347D-4BB3-B0C1-0AFB56747B42}
		{6B328BD1-F16E-46EA-9C60-613F1753DA99} = {DC046347-1F11-47B5-817F-0627AFD7E5B5}
	EndGlobalSection
	GlobalSection(ExtensibilityGlobals) = postSolution
		SolutionGuid = {B5EA97A5-CA19-4BCC-BC05-3B5A09F89A62}
	EndGlobalSection
EndGlobal
